Microsoft Visual Studio Solution File, Format Version 12.00
Project("{FAE04EC0-301F-11D3-BF4B-00C04F79EFBC}") = "LabGenerator.WebAPI", "LabGenerator.WebAPI\LabGenerator.WebAPI.csproj", "{7C5D9938-D83B-4F62-B5BA-E8224251D193}"
EndProject
Project("{FAE04EC0-301F-11D3-BF4B-00C04F79EFBC}") = "LabGenerator.Application", "LabGenerator.Application\LabGenerator.Application.csproj", "{0469FEAF-D43B-4F73-8384-FE7FF40DD25A}"
EndProject
Project("{FAE04EC0-301F-11D3-BF4B-00C04F79EFBC}") = "LabGenerator.Domain", "LabGenerator.Domain\LabGenerator.Domain.csproj", "{F841766E-ABC1-4FFA-9094-40764FAFA301}"
EndProject
Project("{FAE04EC0-301F-11D3-BF4B-00C04F79EFBC}") = "LabGenerator.Infrastructure", "LabGenerator.Infrastructure\LabGenerator.Infrastructure.csproj", "{B79FE9C2-A306-46A2-8A07-09E48DA95D54}"
EndProject
Project("{FAE04EC0-301F-11D3-BF4B-00C04F79EFBC}") = "LabGenerator.Tests", "LabGenerator.Tests\LabGenerator.Tests.csproj", "{C6547186-AF05-4DCB-8E9A-552809492443}"
EndProject
Project("{FAE04EC0-301F-11D3-BF4B-00C04F79EFBC}") = "LabGenerator.TeacherEmulator", "LabGenerator.TeacherEmulator\LabGenerator.TeacherEmulator.csproj", "{45374609-F229-470F-A9A2-A724DFE24451}"
EndProject
Global
	GlobalSection(SolutionConfigurationPlatforms) = preSolution
		Debug|Any CPU = Debug|Any CPU
		Release|Any CPU = Release|Any CPU
	EndGlobalSection
	GlobalSection(ProjectConfigurationPlatforms) = postSolution
		{7C5D9938-D83B-4F62-B5BA-E8224251D193}.Debug|Any CPU.ActiveCfg = Debug|Any CPU
		{7C5D9938-D83B-4F62-B5BA-E8224251D193}.Debug|Any CPU.Build.0 = Debug|Any CPU
		{7C5D9938-D83B-4F62-B5BA-E8224251D193}.Release|Any CPU.ActiveCfg = Release|Any CPU
		{7C5D9938-D83B-4F62-B5BA-E8224251D193}.Release|Any CPU.Build.0 = Release|Any CPU
		{0469FEAF-D43B-4F73-8384-FE7FF40DD25A}.Debug|Any CPU.ActiveCfg = Debug|Any CPU
		{0469FEAF-D43B-4F73-8384-FE7FF40DD25A}.Debug|Any CPU.Build.0 = Debug|Any CPU
		{0469FEAF-D43B-4F73-8384-FE7FF40DD25A}.Release|Any CPU.ActiveCfg = Release|Any CPU
		{0469FEAF-D43B-4F73-8384-FE7FF40DD25A}.Release|Any CPU.Build.0 = Release|Any CPU
		{F841766E-ABC1-4FFA-9094-40764FAFA301}.Debug|Any CPU.ActiveCfg = Debug|Any CPU
		{F841766E-ABC1-4FFA-9094-40764FAFA301}.Debug|Any CPU.Build.0 = Debug|Any CPU
		{F841766E-ABC1-4FFA-9094-40764FAFA301}.Release|Any CPU.ActiveCfg = Release|Any CPU
		{F841766E-ABC1-4FFA-9094-40764FAFA301}.Release|Any CPU.Build.0 = Release|Any CPU
		{B79FE9C2-A306-46A2-8A07-09E48DA95D54}.Debug|Any CPU.ActiveCfg = Debug|Any CPU
		{B79FE9C2-A306-46A2-8A07-09E48DA95D54}.Debug|Any CPU.Build.0 = Debug|Any CPU
		{B79FE9C2-A306-46A2-8A07-09E48DA95D54}.Release|Any CPU.ActiveCfg = Release|Any CPU
		{B79FE9C2-A306-46A2-8A07-09E48DA95D54}.Release|Any CPU.Build.0 = Release|Any CPU
		{C6547186-AF05-4DCB-8E9A-552809492443}.Debug|Any CPU.ActiveCfg = Debug|Any CPU
		{C6547186-AF05-4DCB-8E9A-552809492443}.Debug|Any CPU.Build.0 = Debug|Any CPU
		{C6547186-AF05-4DCB-8E9A-552809492443}.Release|Any CPU.ActiveCfg = Release|Any CPU
		{C6547186-AF05-4DCB-8E9A-552809492443}.Release|Any CPU.Build.0 = Release|Any CPU
		{45374609-F229-470F-A9A2-A724DFE24451}.Debug|Any CPU.ActiveCfg = Debug|Any CPU
		{45374609-F229-470F-A9A2-A724DFE24451}.Debug|Any CPU.Build.0 = Debug|Any CPU
		{45374609-F229-470F-A9A2-A724DFE24451}.Release|Any CPU.ActiveCfg = Release|Any CPU
		{45374609-F229-470F-A9A2-A724DFE24451}.Release|Any CPU.Build.0 = Release|Any CPU
	EndGlobalSection
EndGlobal
